// !$*UTF8*$!
{
	archiveVersion = 1;
	classes = {
	};
	objectVersion = 46;
	objects = {

/* Begin PBXBuildFile section */
		1A96442F1B65C5D2000AFF87 /* main.m in Sources */ = {isa = PBXBuildFile; fileRef = 1A96442E1B65C5D2000AFF87 /* main.m */; };
		1A9644321B65C5D2000AFF87 /* AppDelegate.m in Sources */ = {isa = PBXBuildFile; fileRef = 1A9644311B65C5D2000AFF87 /* AppDelegate.m */; };
		1A9644351B65C5D2000AFF87 /* ViewController.m in Sources */ = {isa = PBXBuildFile; fileRef = 1A9644341B65C5D2000AFF87 /* ViewController.m */; };
		1A9644381B65C5D2000AFF87 /* Main.storyboard in Resources */ = {isa = PBXBuildFile; fileRef = 1A9644361B65C5D2000AFF87 /* Main.storyboard */; };
		1A96443A1B65C5D3000AFF87 /* Images.xcassets in Resources */ = {isa = PBXBuildFile; fileRef = 1A9644391B65C5D3000AFF87 /* Images.xcassets */; };
		1A96443D1B65C5D3000AFF87 /* LaunchScreen.xib in Resources */ = {isa = PBXBuildFile; fileRef = 1A96443B1B65C5D3000AFF87 /* LaunchScreen.xib */; };
		1A9644491B65C5D3000AFF87 /* HHZScrollViewTests.m in Sources */ = {isa = PBXBuildFile; fileRef = 1A9644481B65C5D3000AFF87 /* HHZScrollViewTests.m */; };
		1A9644541B65C611000AFF87 /* HScrollView.m in Sources */ = {isa = PBXBuildFile; fileRef = 1A9644531B65C611000AFF87 /* HScrollView.m */; };
		1A9644571B65C61D000AFF87 /* UIView+Extension.m in Sources */ = {isa = PBXBuildFile; fileRef = 1A9644561B65C61D000AFF87 /* UIView+Extension.m */; };
		1A96445F1B65CAE2000AFF87 /* 0.jpg in Resources */ = {isa = PBXBuildFile; fileRef = 1A96445A1B65CAE2000AFF87 /* 0.jpg */; };
		1A9644611B65CAE2000AFF87 /* 2.jpg in Resources */ = {isa = PBXBuildFile; fileRef = 1A96445C1B65CAE2000AFF87 /* 2.jpg */; };
		1A9644681B65D644000AFF87 /* 3.jpg in Resources */ = {isa = PBXBuildFile; fileRef = 1A9644641B65D644000AFF87 /* 3.jpg */; };
		1A9644691B65D644000AFF87 /* 1.jpg in Resources */ = {isa = PBXBuildFile; fileRef = 1A9644651B65D644000AFF87 /* 1.jpg */; };
		1A96446A1B65D644000AFF87 /* 4.jpg in Resources */ = {isa = PBXBuildFile; fileRef = 1A9644661B65D644000AFF87 /* 4.jpg */; };
/* End PBXBuildFile section */

/* Begin PBXContainerItemProxy section */
		1A9644431B65C5D3000AFF87 /* PBXContainerItemProxy */ = {
			isa = PBXContainerItemProxy;
			containerPortal = 1A9644211B65C5D2000AFF87 /* Project object */;
			proxyType = 1;
			remoteGlobalIDString = 1A9644281B65C5D2000AFF87;
			remoteInfo = HHZScrollView;
		};
/* End PBXContainerItemProxy section */

/* Begin PBXFileReference section */
		1A9644291B65C5D2000AFF87 /* HHZScrollView.app */ = {isa = PBXFileReference; explicitFileType = wrapper.application; includeInIndex = 0; path = HHZScrollView.app; sourceTree = BUILT_PRODUCTS_DIR; };
		1A96442D1B65C5D2000AFF87 /* Info.plist */ = {isa = PBXFileReference; lastKnownFileType = text.plist.xml; path = Info.plist; sourceTree = "<group>"; };
		1A96442E1B65C5D2000AFF87 /* main.m */ = {isa = PBXFileReference; lastKnownFileType = sourcecode.c.objc; path = main.m; sourceTree = "<group>"; };
		1A9644301B65C5D2000AFF87 /* AppDelegate.h */ = {isa = PBXFileReference; lastKnownFileType = sourcecode.c.h; path = AppDelegate.h; sourceTree = "<group>"; };
		1A9644311B65C5D2000AFF87 /* AppDelegate.m */ = {isa = PBXFileReference; lastKnownFileType = sourcecode.c.objc; path = AppDelegate.m; sourceTree = "<group>"; };
		1A9644331B65C5D2000AFF87 /* ViewController.h */ = {isa = PBXFileReference; lastKnownFileType = sourcecode.c.h; path = ViewController.h; sourceTree = "<group>"; };
		1A9644341B65C5D2000AFF87 /* ViewController.m */ = {isa = PBXFileReference; lastKnownFileType = sourcecode.c.objc; path = ViewController.m; sourceTree = "<group>"; };
		1A9644371B65C5D2000AFF87 /* Base */ = {isa = PBXFileReference; lastKnownFileType = file.storyboard; name = Base; path = Base.lproj/Main.storyboard; sourceTree = "<group>"; };
		1A9644391B65C5D3000AFF87 /* Images.xcassets */ = {isa = PBXFileReference; lastKnownFileType = folder.assetcatalog; path = Images.xcassets; sourceTree = "<group>"; };
		1A96443C1B65C5D3000AFF87 /* Base */ = {isa = PBXFileReference; lastKnownFileType = file.xib; name = Base; path = Base.lproj/LaunchScreen.xib; sourceTree = "<group>"; };
		1A9644421B65C5D3000AFF87 /* HHZScrollViewTests.xctest */ = {isa = PBXFileReference; explicitFileType = wrapper.cfbundle; includeInIndex = 0; path = HHZScrollViewTests.xctest; sourceTree = BUILT_PRODUCTS_DIR; };
		1A9644471B65C5D3000AFF87 /* Info.plist */ = {isa = PBXFileReference; lastKnownFileType = text.plist.xml; path = Info.plist; sourceTree = "<group>"; };
		1A9644481B65C5D3000AFF87 /* HHZScrollViewTests.m */ = {isa = PBXFileReference; lastKnownFileType = sourcecode.c.objc; path = HHZScrollViewTests.m; sourceTree = "<group>"; };
		1A9644521B65C611000AFF87 /* HScrollView.h */ = {isa = PBXFileReference; fileEncoding = 4; lastKnownFileType = sourcecode.c.h; path = HScrollView.h; sourceTree = "<group>"; };
		1A9644531B65C611000AFF87 /* HScrollView.m */ = {isa = PBXFileReference; fileEncoding = 4; lastKnownFileType = sourcecode.c.objc; path = HScrollView.m; sourceTree = "<group>"; };
		1A9644551B65C61D000AFF87 /* UIView+Extension.h */ = {isa = PBXFileReference; fileEncoding = 4; lastKnownFileType = sourcecode.c.h; path = "UIView+Extension.h"; sourceTree = "<group>"; };
		1A9644561B65C61D000AFF87 /* UIView+Extension.m */ = {isa = PBXFileReference; fileEncoding = 4; lastKnownFileType = sourcecode.c.objc; path = "UIView+Extension.m"; sourceTree = "<group>"; };
		1A96445A1B65CAE2000AFF87 /* 0.jpg */ = {isa = PBXFileReference; lastKnownFileType = image.jpeg; path = 0.jpg; sourceTree = "<group>"; };
		1A96445C1B65CAE2000AFF87 /* 2.jpg */ = {isa = PBXFileReference; lastKnownFileType = image.jpeg; path = 2.jpg; sourceTree = "<group>"; };
		1A9644641B65D644000AFF87 /* 3.jpg */ = {isa = PBXFileReference; lastKnownFileType = image.jpeg; path = 3.jpg; sourceTree = "<group>"; };
		1A9644651B65D644000AFF87 /* 1.jpg */ = {isa = PBXFileReference; lastKnownFileType = image.jpeg; path = 1.jpg; sourceTree = "<group>"; };
		1A9644661B65D644000AFF87 /* 4.jpg */ = {isa = PBXFileReference; lastKnownFileType = image.jpeg; path = 4.jpg; sourceTree = "<group>"; };
/* End PBXFileReference section */

/* Begin PBXFrameworksBuildPhase section */
		1A9644261B65C5D2000AFF87 /* Frameworks */ = {
			isa = PBXFrameworksBuildPhase;
			buildActionMask = 2147483647;
			files = (
			);
			runOnlyForDeploymentPostprocessing = 0;
		};
		1A96443F1B65C5D3000AFF87 /* Frameworks */ = {
			isa = PBXFrameworksBuildPhase;
			buildActionMask = 2147483647;
			files = (
			);
			runOnlyForDeploymentPostprocessing = 0;
		};
/* End PBXFrameworksBuildPhase section */

/* Begin PBXGroup section */
		1A9644201B65C5D2000AFF87 = {
			isa = PBXGroup;
			children = (
				1A96442B1B65C5D2000AFF87 /* HHZScrollView */,
				1A9644451B65C5D3000AFF87 /* HHZScrollViewTests */,
				1A96442A1B65C5D2000AFF87 /* Products */,
			);
			sourceTree = "<group>";
		};
		1A96442A1B65C5D2000AFF87 /* Products */ = {
			isa = PBXGroup;
			children = (
				1A9644291B65C5D2000AFF87 /* HHZScrollView.app */,
				1A9644421B65C5D3000AFF87 /* HHZScrollViewTests.xctest */,
			);
			name = Products;
			sourceTree = "<group>";
		};
		1A96442B1B65C5D2000AFF87 /* HHZScrollView */ = {
			isa = PBXGroup;
			children = (
				1A9644621B65CAE8000AFF87 /* Image */,
				1A9644301B65C5D2000AFF87 /* AppDelegate.h */,
				1A9644311B65C5D2000AFF87 /* AppDelegate.m */,
				1A9644331B65C5D2000AFF87 /* ViewController.h */,
				1A9644341B65C5D2000AFF87 /* ViewController.m */,
				1A9644361B65C5D2000AFF87 /* Main.storyboard */,
				1A9644521B65C611000AFF87 /* HScrollView.h */,
				1A9644531B65C611000AFF87 /* HScrollView.m */,
				1A9644551B65C61D000AFF87 /* UIView+Extension.h */,
				1A9644561B65C61D000AFF87 /* UIView+Extension.m */,
				1A9644391B65C5D3000AFF87 /* Images.xcassets */,
				1A96443B1B65C5D3000AFF87 /* LaunchScreen.xib */,
				1A96442C1B65C5D2000AFF87 /* Supporting Files */,
			);
			path = HHZScrollView;
			sourceTree = "<group>";
		};
		1A96442C1B65C5D2000AFF87 /* Supporting Files */ = {
			isa = PBXGroup;
			children = (
				1A96442D1B65C5D2000AFF87 /* Info.plist */,
				1A96442E1B65C5D2000AFF87 /* main.m */,
			);
			name = "Supporting Files";
			sourceTree = "<group>";
		};
		1A9644451B65C5D3000AFF87 /* HHZScrollViewTests */ = {
			isa = PBXGroup;
			children = (
				1A9644481B65C5D3000AFF87 /* HHZScrollViewTests.m */,
				1A9644461B65C5D3000AFF87 /* Supporting Files */,
			);
			path = HHZScrollViewTests;
			sourceTree = "<group>";
		};
		1A9644461B65C5D3000AFF87 /* Supporting Files */ = {
			isa = PBXGroup;
			children = (
				1A9644471B65C5D3000AFF87 /* Info.plist */,
			);
			name = "Supporting Files";
			sourceTree = "<group>";
		};
		1A9644621B65CAE8000AFF87 /* Image */ = {
			isa = PBXGroup;
			children = (
				1A96445A1B65CAE2000AFF87 /* 0.jpg */,
				1A96445C1B65CAE2000AFF87 /* 2.jpg */,
				1A9644641B65D644000AFF87 /* 3.jpg */,
				1A9644651B65D644000AFF87 /* 1.jpg */,
				1A9644661B65D644000AFF87 /* 4.jpg */,
			);
			name = Image;
			sourceTree = "<group>";
		};
/* End PBXGroup section */

/* Begin PBXNativeTarget section */
		1A9644281B65C5D2000AFF87 /* HHZScrollView */ = {
			isa = PBXNativeTarget;
			buildConfigurationList = 1A96444C1B65C5D3000AFF87 /* Build configuration list for PBXNativeTarget "HHZScrollView" */;
			buildPhases = (
				1A9644251B65C5D2000AFF87 /* Sources */,
				1A9644261B65C5D2000AFF87 /* Frameworks */,
				1A9644271B65C5D2000AFF87 /* Resources */,
			);
			buildRules = (
			);
			dependencies = (
			);
			name = HHZScrollView;
			productName = HHZScrollView;
			productReference = 1A9644291B65C5D2000AFF87 /* HHZScrollView.app */;
			productType = "com.apple.product-type.application";
		};
		1A9644411B65C5D3000AFF87 /* HHZScrollViewTests */ = {
			isa = PBXNativeTarget;
			buildConfigurationList = 1A96444F1B65C5D3000AFF87 /* Build configuration list for PBXNativeTarget "HHZScrollViewTests" */;
			buildPhases = (
				1A96443E1B65C5D3000AFF87 /* Sources */,
				1A96443F1B65C5D3000AFF87 /* Frameworks */,
				1A9644401B65C5D3000AFF87 /* Resources */,
			);
			buildRules = (
			);
			dependencies = (
				1A9644441B65C5D3000AFF87 /* PBXTargetDependency */,
			);
			name = HHZScrollViewTests;
			productName = HHZScrollViewTests;
			productReference = 1A9644421B65C5D3000AFF87 /* HHZScrollViewTests.xctest */;
			productType = "com.apple.product-type.bundle.unit-test";
		};
/* End PBXNativeTarget section */

/* Begin PBXProject section */
		1A9644211B65C5D2000AFF87 /* Project object */ = {
			isa = PBXProject;
			attributes = {
				LastUpgradeCheck = 0640;
				ORGANIZATIONNAME = HHZ;
				TargetAttributes = {
					1A9644281B65C5D2000AFF87 = {
						CreatedOnToolsVersion = 6.4;
					};
					1A9644411B65C5D3000AFF87 = {
						CreatedOnToolsVersion = 6.4;
						TestTargetID = 1A9644281B65C5D2000AFF87;
					};
				};
			};
			buildConfigurationList = 1A9644241B65C5D2000AFF87 /* Build configuration list for PBXProject "HHZScrollView" */;
			compatibilityVersion = "Xcode 3.2";
			developmentRegion = English;
			hasScannedForEncodings = 0;
			knownRegions = (
				en,
				Base,
			);
			mainGroup = 1A9644201B65C5D2000AFF87;
			productRefGroup = 1A96442A1B65C5D2000AFF87 /* Products */;
			projectDirPath = "";
			projectRoot = "";
			targets = (
				1A9644281B65C5D2000AFF87 /* HHZScrollView */,
				1A9644411B65C5D3000AFF87 /* HHZScrollViewTests */,
			);
		};
/* End PBXProject section */

/* Begin PBXResourcesBuildPhase section */
		1A9644271B65C5D2000AFF87 /* Resources */ = {
			isa = PBXResourcesBuildPhase;
			buildActionMask = 2147483647;
			files = (
				1A96446A1B65D644000AFF87 /* 4.jpg in Resources */,
				1A9644691B65D644000AFF87 /* 1.jpg in Resources */,
				1A96445F1B65CAE2000AFF87 /* 0.jpg in Resources */,
				1A9644381B65C5D2000AFF87 /* Main.storyboard in Resources */,
				1A96443D1B65C5D3000AFF87 /* LaunchScreen.xib in Resources */,
				1A96443A1B65C5D3000AFF87 /* Images.xcassets in Resources */,
				1A9644681B65D644000AFF87 /* 3.jpg in Resources */,
				1A9644611B65CAE2000AFF87 /* 2.jpg in Resources */,
			);
			runOnlyForDeploymentPostprocessing = 0;
		};
		1A9644401B65C5D3000AFF87 /* Resources */ = {
			isa = PBXResourcesBuildPhase;
			buildActionMask = 2147483647;
			files = (
			);
			runOnlyForDeploymentPostprocessing = 0;
		};
/* End PBXResourcesBuildPhase section */

/* Begin PBXSourcesBuildPhase section */
		1A9644251B65C5D2000AFF87 /* Sources */ = {
			isa = PBXSourcesBuildPhase;
			buildActionMask = 2147483647;
			files = (
				1A9644571B65C61D000AFF87 /* UIView+Extension.m in Sources */,
				1A9644351B65C5D2000AFF87 /* ViewController.m in Sources */,
				1A9644321B65C5D2000AFF87 /* AppDelegate.m in Sources */,
				1A9644541B65C611000AFF87 /* HScrollView.m in Sources */,
				1A96442F1B65C5D2000AFF87 /* main.m in Sources */,
			);
			runOnlyForDeploymentPostprocessing = 0;
		};
		1A96443E1B65C5D3000AFF87 /* Sources */ = {
			isa = PBXSourcesBuildPhase;
			buildActionMask = 2147483647;
			files = (
				1A9644491B65C5D3000AFF87 /* HHZScrollViewTests.m in Sources */,
			);
			runOnlyForDeploymentPostprocessing = 0;
		};
/* End PBXSourcesBuildPhase section */

/* Begin PBXTargetDependency section */
		1A9644441B65C5D3000AFF87 /* PBXTargetDependency */ = {
			isa = PBXTargetDependency;
			target = 1A9644281B65C5D2000AFF87 /* HHZScrollView */;
			targetProxy = 1A9644431B65C5D3000AFF87 /* PBXContainerItemProxy */;
		};
/* End PBXTargetDependency section */

/* Begin PBXVariantGroup section */
		1A9644361B65C5D2000AFF87 /* Main.storyboard */ = {
			isa = PBXVariantGroup;
			children = (
				1A9644371B65C5D2000AFF87 /* Base */,
			);
			name = Main.storyboard;
			sourceTree = "<group>";
		};
		1A96443B1B65C5D3000AFF87 /* LaunchScreen.xib */ = {
			isa = PBXVariantGroup;
			children = (
				1A96443C1B65C5D3000AFF87 /* Base */,
			);
			name = LaunchScreen.xib;
			sourceTree = "<group>";
		};
/* End PBXVariantGroup section */

/* Begin XCBuildConfiguration section */
		1A96444A1B65C5D3000AFF87 /* Debug */ = {
			isa = XCBuildConfiguration;
			buildSettings = {
				ALWAYS_SEARCH_USER_PATHS = NO;
				CLANG_CXX_LANGUAGE_STANDARD = "gnu++0x";
				CLANG_CXX_LIBRARY = "libc++";
				CLANG_ENABLE_MODULES = YES;
				CLANG_ENABLE_OBJC_ARC = YES;
				CLANG_WARN_BOOL_CONVERSION = YES;
				CLANG_WARN_CONSTANT_CONVERSION = YES;
				CLANG_WARN_DIRECT_OBJC_ISA_USAGE = YES_ERROR;
				CLANG_WARN_EMPTY_BODY = YES;
				CLANG_WARN_ENUM_CONVERSION = YES;
				CLANG_WARN_INT_CONVERSION = YES;
				CLANG_WARN_OBJC_ROOT_CLASS = YES_ERROR;
				CLANG_WARN_UNREACHABLE_CODE = YES;
				CLANG_WARN__DUPLICATE_METHOD_MATCH = YES;
				"CODE_SIGN_IDENTITY[sdk=iphoneos*]" = "iPhone Developer";
				COPY_PHASE_STRIP = NO;
				DEBUG_INFORMATION_FORMAT = "dwarf-with-dsym";
				ENABLE_STRICT_OBJC_MSGSEND = YES;
				GCC_C_LANGUAGE_STANDARD = gnu99;
				GCC_DYNAMIC_NO_PIC = NO;
				GCC_NO_COMMON_BLOCKS = YES;
				GCC_OPTIMIZATION_LEVEL = 0;
				GCC_PREPROCESSOR_DEFINITIONS = (
					"DEBUG=1",
					"$(inherited)",
				);
				GCC_SYMBOLS_PRIVATE_EXTERN = NO;
				GCC_WARN_64_TO_32_BIT_CONVERSION = YES;
				GCC_WARN_ABOUT_RETURN_TYPE = YES_ERROR;
				GCC_WARN_UNDECLARED_SELECTOR = YES;
				GCC_WARN_UNINITIALIZED_AUTOS = YES_AGGRESSIVE;
				GCC_WARN_UNUSED_FUNCTION = YES;
				GCC_WARN_UNUSED_VARIABLE = YES;
				IPHONEOS_DEPLOYMENT_TARGET = 8.4;
				MTL_ENABLE_DEBUG_INFO = YES;
				ONLY_ACTIVE_ARCH = YES;
				SDKROOT = iphoneos;
			};
			name = Debug;
		};
		1A96444B1B65C5D3000AFF87 /* Release */ = {
			isa = XCBuildConfiguration;
			buildSettings = {
				ALWAYS_SEARCH_USER_PATHS = NO;
				CLANG_CXX_LANGUAGE_STANDARD = "gnu++0x";
				CLANG_CXX_LIBRARY = "libc++";
				CLANG_ENABLE_MODULES = YES;
				CLANG_ENABLE_OBJC_ARC = YES;
				CLANG_WARN_BOOL_CONVERSION = YES;
				CLANG_WARN_CONSTANT_CONVERSION = YES;
				CLANG_WARN_DIRECT_OBJC_ISA_USAGE = YES_ERROR;
				CLANG_WARN_EMPTY_BODY = YES;
				CLANG_WARN_ENUM_CONVERSION = YES;
				CLANG_WARN_INT_CONVERSION = YES;
				CLANG_WARN_OBJC_ROOT_CLASS = YES_ERROR;
				CLANG_WARN_UNREACHABLE_CODE = YES;
				CLANG_WARN__DUPLICATE_METHOD_MATCH = YES;
				"CODE_SIGN_IDENTITY[sdk=iphoneos*]" = "iPhone Developer";
				COPY_PHASE_STRIP = NO;
				DEBUG_INFORMATION_FORMAT = "dwarf-with-dsym";
				ENABLE_NS_ASSERTIONS = NO;
				ENABLE_STRICT_OBJC_MSGSEND = YES;
				GCC_C_LANGUAGE_STANDARD = gnu99;
				GCC_NO_COMMON_BLOCKS = YES;
				GCC_WARN_64_TO_32_BIT_CONVERSION = YES;
				GCC_WARN_ABOUT_RETURN_TYPE = YES_ERROR;
				GCC_WARN_UNDECLARED_SELECTOR = YES;
				GCC_WARN_UNINITIALIZED_AUTOS = YES_AGGRESSIVE;
				GCC_WARN_UNUSED_FUNCTION = YES;
				GCC_WARN_UNUSED_VARIABLE = YES;
				IPHONEOS_DEPLOYMENT_TARGET = 8.4;
				MTL_ENABLE_DEBUG_INFO = NO;
				SDKROOT = iphoneos;
				VALIDATE_PRODUCT = YES;
			};
			name = Release;
		};
		1A96444D1B65C5D3000AFF87 /* Debug */ = {
			isa = XCBuildConfiguration;
			buildSettings = {
				ASSETCATALOG_COMPILER_APPICON_NAME = AppIcon;
				INFOPLIST_FILE = HHZScrollView/Info.plist;
				LD_RUNPATH_SEARCH_PATHS = "$(inherited) @executable_path/Frameworks";
				PRODUCT_NAME = "$(TARGET_NAME)";
			};
			name = Debug;
		};
		1A96444E1B65C5D3000AFF87 /* Release */ = {
			isa = XCBuildConfiguration;
			buildSettings = {
				ASSETCATALOG_COMPILER_APPICON_NAME = AppIcon;
				INFOPLIST_FILE = HHZScrollView/Info.plist;
				LD_RUNPATH_SEARCH_PATHS = "$(inherited) @executable_path/Frameworks";
				PRODUCT_NAME = "$(TARGET_NAME)";
			};
			name = Release;
		};
		1A9644501B65C5D3000AFF87 /* Debug */ = {
			isa = XCBuildConfiguration;
			buildSettings = {
				BUNDLE_LOADER = "$(TEST_HOST)";
				FRAMEWORK_SEARCH_PATHS = (
					"$(SDKROOT)/Developer/Library/Frameworks",
					"$(inherited)",
				);
				GCC_PREPROCESSOR_DEFINITIONS = (
					"DEBUG=1",
					"$(inherited)",
				);
				INFOPLIST_FILE = HHZScrollViewTests/Info.plist;
				LD_RUNPATH_SEARCH_PATHS = "$(inherited) @executable_path/Frameworks @loader_path/Frameworks";
				PRODUCT_NAME = "$(TARGET_NAME)";
				TEST_HOST = "$(BUILT_PRODUCTS_DIR)/HHZScrollView.app/HHZScrollView";
			};
			name = Debug;
		};
		1A9644511B65C5D3000AFF87 /* Release */ = {
			isa = XCBuildConfiguration;
			buildSettings = {
				BUNDLE_LOADER = "$(TEST_HOST)";
				FRAMEWORK_SEARCH_PATHS = (
					"$(SDKROOT)/Developer/Library/Frameworks",
					"$(inherited)",
				);
				INFOPLIST_FILE = HHZScrollViewTests/Info.plist;
				LD_RUNPATH_SEARCH_PATHS = "$(inherited) @executable_path/Frameworks @loader_path/Frameworks";
				PRODUCT_NAME = "$(TARGET_NAME)";
				TEST_HOST = "$(BUILT_PRODUCTS_DIR)/HHZScrollView.app/HHZScrollView";
			};
			name = Release;
		};
/* End XCBuildConfiguration section */

/* Begin XCConfigurationList section */
		1A9644241B65C5D2000AFF87 /* Build configuration list for PBXProject "HHZScrollView" */ = {
			isa = XCConfigurationList;
			buildConfigurations = (
				1A96444A1B65C5D3000AFF87 /* Debug */,
				1A96444B1B65C5D3000AFF87 /* Release */,
			);
			defaultConfigurationIsVisible = 0;
			defaultConfigurationName = Release;
		};
		1A96444C1B65C5D3000AFF87 /* Build configuration list for PBXNativeTarget "HHZScrollView" */ = {
			isa = XCConfigurationList;
			buildConfigurations = (
				1A96444D1B65C5D3000AFF87 /* Debug */,
				1A96444E1B65C5D3000AFF87 /* Release */,
			);
			defaultConfigurationIsVisible = 0;
		};
		1A96444F1B65C5D3000AFF87 /* Build configuration list for PBXNativeTarget "HHZScrollViewTests" */ = {
			isa = XCConfigurationList;
			buildConfigurations = (
				1A9644501B65C5D3000AFF87 /* Debug */,
				1A9644511B65C5D3000AFF87 /* Release */,
			);
			defaultConfigurationIsVisible = 0;
		};
/* End XCConfigurationList section */
	};
	rootObject = 1A9644211B65C5D2000AFF87 /* Project object */;
}
